
Microsoft Visual Studio Solution File, Format Version 12.00
# Visual Studio Version 17
VisualStudioVersion = 17.5.002.0
MinimumVisualStudioVersion = 10.0.40219.1
Project("{9A19103F-16F7-4668-BE54-9A1E7A4F7556}") = "AzurePracticeApp", "AzurePracticeApp.csproj", "{E117884D-3E0D-49CD-8DAB-3CFCF689A158}"
EndProject
Global
	GlobalSection(SolutionConfigurationPlatforms) = preSolution
		Debug|Any CPU = Debug|Any CPU
		Release|Any CPU = Release|Any CPU
	EndGlobalSection
	GlobalSection(ProjectConfigurationPlatforms) = postSolution
		{E117884D-3E0D-49CD-8DAB-3CFCF689A158}.Debug|Any CPU.ActiveCfg = Debug|Any CPU
		{E117884D-3E0D-49CD-8DAB-3CFCF689A158}.Debug|Any CPU.Build.0 = Debug|Any CPU
		{E117884D-3E0D-49CD-8DAB-3CFCF689A158}.Release|Any CPU.ActiveCfg = Release|Any CPU
		{E117884D-3E0D-49CD-8DAB-3CFCF689A158}.Release|Any CPU.Build.0 = Release|Any CPU
	EndGlobalSection
	GlobalSection(SolutionProperties) = preSolution
		HideSolutionNode = FALSE
	EndGlobalSection
	GlobalSection(ExtensibilityGlobals) = postSolution
		SolutionGuid = {7828B008-FAF0-440D-A221-D37EE7AC3E96}
	EndGlobalSection
EndGlobal
